PODS:
  - Alamofire (4.8.2)
  - BoringSSL-GRPC (0.0.3):
    - BoringSSL-GRPC/Implementation (= 0.0.3)
    - BoringSSL-GRPC/Interface (= 0.0.3)
  - BoringSSL-GRPC/Implementation (0.0.3):
    - BoringSSL-GRPC/Interface (= 0.0.3)
  - BoringSSL-GRPC/Interface (0.0.3)
  - CameraManager (4.4.0)
  - ChameleonFramework (2.1.0):
    - ChameleonFramework/Default (= 2.1.0)
  - ChameleonFramework/Default (2.1.0)
  - EmptyDataSet-Swift (4.2.0)
  - Firebase (6.5.0):
    - Firebase/Core (= 6.5.0)
  - Firebase/Auth (6.5.0):
    - Firebase/CoreOnly
    - FirebaseAuth (~> 6.2.1)
  - Firebase/Core (6.5.0):
    - Firebase/CoreOnly
    - FirebaseAnalytics (= 6.0.4)
  - Firebase/CoreOnly (6.5.0):
    - FirebaseCore (= 6.1.0)
  - Firebase/Database (6.5.0):
    - Firebase/CoreOnly
    - FirebaseDatabase (~> 6.0.0)
  - Firebase/Firestore (6.5.0):
    - Firebase/CoreOnly
    - FirebaseFirestore (~> 1.4.2)
  - Firebase/Messaging (6.5.0):
    - Firebase/CoreOnly
    - FirebaseMessaging (~> 4.1.1)
  - Firebase/Storage (6.5.0):
    - Firebase/CoreOnly
    - FirebaseStorage (~> 3.4.0)
  - FirebaseAnalytics (6.0.4):
    - FirebaseCore (~> 6.1)
    - FirebaseInstanceID (~> 4.2)
    - GoogleAppMeasurement (= 6.0.4)
    - GoogleUtilities/AppDelegateSwizzler (~> 6.0)
    - GoogleUtilities/MethodSwizzler (~> 6.0)
    - GoogleUtilities/Network (~> 6.0)
    - "GoogleUtilities/NSData+zlib (~> 6.0)"
    - nanopb (~> 0.3)
  - FirebaseAnalyticsInterop (1.2.0)
  - FirebaseAuth (6.2.1):
    - FirebaseAuthInterop (~> 1.0)
    - FirebaseCore (~> 6.0)
    - GoogleUtilities/AppDelegateSwizzler (~> 6.2)
    - GoogleUtilities/Environment (~> 6.2)
    - GTMSessionFetcher/Core (~> 1.1)
  - FirebaseAuthInterop (1.0.0)
  - FirebaseCore (6.1.0):
    - GoogleUtilities/Environment (~> 6.0)
    - GoogleUtilities/Logger (~> 6.0)
  - FirebaseDatabase (6.0.0):
    - FirebaseAuthInterop (~> 1.0)
    - FirebaseCore (~> 6.0)
    - leveldb-library (~> 1.18)
  - FirebaseFirestore (1.4.2):
    - FirebaseAuthInterop (~> 1.0)
    - FirebaseCore (~> 6.0)
    - FirebaseFirestore/abseil-cpp (= 1.4.2)
    - "gRPC-C++ (= 0.0.9)"
    - leveldb-library (~> 1.20)
    - nanopb (~> 0.3.901)
    - Protobuf (~> 3.1)
  - FirebaseFirestore/abseil-cpp (1.4.2):
    - FirebaseAuthInterop (~> 1.0)
    - FirebaseCore (~> 6.0)
    - "gRPC-C++ (= 0.0.9)"
    - leveldb-library (~> 1.20)
    - nanopb (~> 0.3.901)
    - Protobuf (~> 3.1)
  - FirebaseInstanceID (4.2.2):
    - FirebaseCore (~> 6.0)
    - GoogleUtilities/Environment (~> 6.0)
    - GoogleUtilities/UserDefaults (~> 6.0)
  - FirebaseMessaging (4.1.1):
    - FirebaseAnalyticsInterop (~> 1.1)
    - FirebaseCore (~> 6.0)
    - FirebaseInstanceID (~> 4.1)
    - GoogleUtilities/AppDelegateSwizzler (~> 6.2)
    - GoogleUtilities/Environment (~> 6.2)
    - GoogleUtilities/Reachability (~> 6.2)
    - GoogleUtilities/UserDefaults (~> 6.2)
    - Protobuf (~> 3.1)
  - FirebaseStorage (3.4.0):
    - FirebaseAuthInterop (~> 1.0)
    - FirebaseCore (~> 6.0)
    - GTMSessionFetcher/Core (~> 1.1)
  - FlagPhoneNumber (0.7.6):
    - FlagPhoneNumber/libPhoneNumberiOS (= 0.7.6)
  - FlagPhoneNumber/libPhoneNumberiOS (0.7.6)
  - GoogleAppMeasurement (6.0.4):
    - GoogleUtilities/AppDelegateSwizzler (~> 6.0)
    - GoogleUtilities/MethodSwizzler (~> 6.0)
    - GoogleUtilities/Network (~> 6.0)
    - "GoogleUtilities/NSData+zlib (~> 6.0)"
    - nanopb (~> 0.3)
  - GoogleMaps (3.2.0):
    - GoogleMaps/Maps (= 3.2.0)
  - GoogleMaps/Base (3.2.0)
  - GoogleMaps/Maps (3.2.0):
    - GoogleMaps/Base
  - GooglePlaces (3.2.0):
    - GoogleMaps/Base (= 3.2.0)
  - GoogleUtilities/AppDelegateSwizzler (6.2.3):
    - GoogleUtilities/Environment
    - GoogleUtilities/Logger
    - GoogleUtilities/Network
  - GoogleUtilities/Environment (6.2.3)
  - GoogleUtilities/Logger (6.2.3):
    - GoogleUtilities/Environment
  - GoogleUtilities/MethodSwizzler (6.2.3):
    - GoogleUtilities/Logger
  - GoogleUtilities/Network (6.2.3):
    - GoogleUtilities/Logger
    - "GoogleUtilities/NSData+zlib"
    - GoogleUtilities/Reachability
  - "GoogleUtilities/NSData+zlib (6.2.3)"
  - GoogleUtilities/Reachability (6.2.3):
    - GoogleUtilities/Logger
  - GoogleUtilities/UserDefaults (6.2.3):
    - GoogleUtilities/Logger
  - "gRPC-C++ (0.0.9)":
    - "gRPC-C++/Implementation (= 0.0.9)"
    - "gRPC-C++/Interface (= 0.0.9)"
  - "gRPC-C++/Implementation (0.0.9)":
    - "gRPC-C++/Interface (= 0.0.9)"
    - gRPC-Core (= 1.21.0)
    - nanopb (~> 0.3)
  - "gRPC-C++/Interface (0.0.9)"
  - gRPC-Core (1.21.0):
    - gRPC-Core/Implementation (= 1.21.0)
    - gRPC-Core/Interface (= 1.21.0)
  - gRPC-Core/Implementation (1.21.0):
    - BoringSSL-GRPC (= 0.0.3)
    - gRPC-Core/Interface (= 1.21.0)
    - nanopb (~> 0.3)
  - gRPC-Core/Interface (1.21.0)
  - GTMSessionFetcher/Core (1.2.2)
  - InputBarAccessoryView (4.2.2)
  - IQKeyboardManagerSwift (6.4.0)
  - leveldb-library (1.20)
  - MessageKit (3.0.0):
    - InputBarAccessoryView (~> 4.2.2)
  - nanopb (0.3.901):
    - nanopb/decode (= 0.3.901)
    - nanopb/encode (= 0.3.901)
  - nanopb/decode (0.3.901)
  - nanopb/encode (0.3.901)
  - PMSuperButton (3.0.1)
  - Protobuf (3.9.0)
  - SVProgressHUD (2.2.5)
  - SwiftLocation (4.0.2)
  - SwiftyJSON (4.3.0)
  - TextFieldEffects (1.6.0)

DEPENDENCIES:
  - Alamofire (~> 4.5)
  - CameraManager (~> 4.4)
  - ChameleonFramework
  - EmptyDataSet-Swift (~> 4.2.0)
  - Firebase
  - Firebase/Auth
  - Firebase/Database
  - Firebase/Firestore
  - Firebase/Messaging
  - Firebase/Storage
  - FlagPhoneNumber
  - GoogleMaps
  - GooglePlaces
  - IQKeyboardManagerSwift
  - MessageKit
  - PMSuperButton
  - SVProgressHUD
  - SwiftLocation (~> 4.0)
  - SwiftyJSON (~> 4.0)
  - TextFieldEffects

SPEC REPOS:
  https://github.com/cocoapods/specs.git:
    - Alamofire
    - BoringSSL-GRPC
    - CameraManager
    - ChameleonFramework
    - EmptyDataSet-Swift
    - Firebase
    - FirebaseAnalytics
    - FirebaseAnalyticsInterop
    - FirebaseAuth
    - FirebaseAuthInterop
    - FirebaseCore
    - FirebaseDatabase
    - FirebaseFirestore
    - FirebaseInstanceID
    - FirebaseMessaging
    - FirebaseStorage
    - FlagPhoneNumber
    - GoogleAppMeasurement
    - GoogleMaps
    - GooglePlaces
    - GoogleUtilities
    - "gRPC-C++"
    - gRPC-Core
    - GTMSessionFetcher
    - InputBarAccessoryView
    - IQKeyboardManagerSwift
    - leveldb-library
    - MessageKit
    - nanopb
    - PMSuperButton
    - Protobuf
    - SVProgressHUD
    - SwiftLocation
    - SwiftyJSON
    - TextFieldEffects

SPEC CHECKSUMS:
  Alamofire: ae5c501addb7afdbb13687d7f2f722c78734c2d3
  BoringSSL-GRPC: db8764df3204ccea016e1c8dd15d9a9ad63ff318
  CameraManager: 583710502c42178d12ef046d9d4f7893feff8354
  ChameleonFramework: d21a3cc247abfe5e37609a283a8238b03575cf64
  EmptyDataSet-Swift: 1fa0b35f530a35f852ecb2b53564728b0c300aaf
  Firebase: dedc9e48ea3f3649ad5f6b982f8a0c73508a14b5
  FirebaseAnalytics: 3fb375bc9d13779add4039716f868d233a473fad
  FirebaseAnalyticsInterop: efbe45c8385ec626e29f9525e5ebd38520dfb6c1
  FirebaseAuth: a06ad63e9bf4c86165b54cceb1c14d4f4c38d419
  FirebaseAuthInterop: 0ffa57668be100582bb7643d4fcb7615496c41fc
  FirebaseCore: aecf02fb2274ec361b9bebeac112f5daa18273bd
  FirebaseDatabase: f48e067716864be2b855cf716b927ef375d6cfa0
  FirebaseFirestore: 41a035642eb017fc7206318985501626993840bd
  FirebaseInstanceID: 662b8108a09fe9ed01aafdedba100fde8536b0f6
  FirebaseMessaging: 6bb0bdaf64c55fef7a219b7bb1e94e94a0855ced
  FirebaseStorage: 618dd8fd886b30adf6e5d1915b1f5c18cb5c3944
  FlagPhoneNumber: ee8d015e7e92b776a3598e6a36718196e0d0dcf5
  GoogleAppMeasurement: 183bd916af7f80deb67c01888368f1108d641832
  GoogleMaps: 5046d7edfe381c1a0b20fdaf293915a375c3122b
  GooglePlaces: 41bc2e480816b1234a48f4bec92e1c886f37cfe1
  GoogleUtilities: d2b0e277a95962e09bb27f5cd42f5f0b6a506c7d
  "gRPC-C++": 9dfe7b44821e7b3e44aacad2af29d2c21f7cde83
  gRPC-Core: c9aef9a261a1247e881b18059b84d597293c9947
  GTMSessionFetcher: 61bb0f61a4cb560030f1222021178008a5727a23
  InputBarAccessoryView: 2b937602598e2fab3149f37f51dd7ad795653812
  IQKeyboardManagerSwift: ed9b04ee0e3067ffba543283462d619f944b05e5
  leveldb-library: 08cba283675b7ed2d99629a4bc5fd052cd2bb6a5
  MessageKit: e892a9ca49ebe6d82684d3a93ad84021fa23e2c6
  nanopb: 2901f78ea1b7b4015c860c2fdd1ea2fee1a18d48
  PMSuperButton: 2bef6f8659a5df969a69887f496ef309480c65eb
  Protobuf: 1097ca58584c8d9be81bfbf2c5ff5975648dd87a
  SVProgressHUD: 1428aafac632c1f86f62aa4243ec12008d7a51d6
  SwiftLocation: 4f030832331a21abaa4e0c5189d0f80ab8d3e377
  SwiftyJSON: 6faa0040f8b59dead0ee07436cbf76b73c08fd08
  TextFieldEffects: 529b8aff706fb40f82c41c780c0777941a893796

PODFILE CHECKSUM: 6c310f749143dc1b1d4834960cd7670b47fb1b5c

COCOAPODS: 1.6.0
