PODS:
  - Alamofire (4.8.2)
  - BoringSSL-GRPC (0.0.2):
    - BoringSSL-GRPC/Implementation (= 0.0.2)
    - BoringSSL-GRPC/Interface (= 0.0.2)
  - BoringSSL-GRPC/Implementation (0.0.2):
    - BoringSSL-GRPC/Interface (= 0.0.2)
  - BoringSSL-GRPC/Interface (0.0.2)
  - CameraManager (4.4.0)
  - ChameleonFramework (2.1.0):
    - ChameleonFramework/Default (= 2.1.0)
  - ChameleonFramework/Default (2.1.0)
  - EmptyDataSet-Swift (4.2.0)
  - Firebase (5.16.0):
    - Firebase/Core (= 5.16.0)
  - Firebase/Auth (5.16.0):
    - Firebase/CoreOnly
    - FirebaseAuth (= 5.3.0)
  - Firebase/Core (5.16.0):
    - Firebase/CoreOnly
    - FirebaseAnalytics (= 5.5.0)
  - Firebase/CoreOnly (5.16.0):
    - FirebaseCore (= 5.2.0)
  - Firebase/Database (5.16.0):
    - Firebase/CoreOnly
    - FirebaseDatabase (= 5.1.0)
  - Firebase/Firestore (5.16.0):
    - Firebase/CoreOnly
    - FirebaseFirestore (= 1.0.0)
  - Firebase/Messaging (5.16.0):
    - Firebase/CoreOnly
    - FirebaseMessaging (= 3.3.0)
  - Firebase/Storage (5.16.0):
    - Firebase/CoreOnly
    - FirebaseStorage (= 3.1.0)
  - FirebaseAnalytics (5.5.0):
    - FirebaseCore (~> 5.2)
    - FirebaseInstanceID (~> 3.4)
    - GoogleAppMeasurement (= 5.5.0)
    - GoogleUtilities/AppDelegateSwizzler (~> 5.2)
    - GoogleUtilities/MethodSwizzler (~> 5.2)
    - GoogleUtilities/Network (~> 5.2)
    - "GoogleUtilities/NSData+zlib (~> 5.2)"
    - nanopb (~> 0.3)
  - FirebaseAnalyticsInterop (1.2.0)
  - FirebaseAuth (5.3.0):
    - FirebaseAuthInterop (~> 1.0)
    - FirebaseCore (~> 5.2)
    - GoogleUtilities/Environment (~> 5.2)
    - GTMSessionFetcher/Core (~> 1.1)
  - FirebaseAuthInterop (1.0.0)
  - FirebaseCore (5.2.0):
    - GoogleUtilities/Logger (~> 5.2)
  - FirebaseDatabase (5.1.0):
    - FirebaseAuthInterop (~> 1.0)
    - FirebaseCore (~> 5.2)
    - leveldb-library (~> 1.18)
  - FirebaseFirestore (1.0.0):
    - FirebaseAuthInterop (~> 1.0)
    - FirebaseCore (~> 5.2)
    - FirebaseFirestore/abseil-cpp (= 1.0.0)
    - "gRPC-C++ (= 0.0.6)"
    - leveldb-library (~> 1.20)
    - nanopb (~> 0.3.901)
    - Protobuf (~> 3.1)
  - FirebaseFirestore/abseil-cpp (1.0.0):
    - FirebaseAuthInterop (~> 1.0)
    - FirebaseCore (~> 5.2)
    - "gRPC-C++ (= 0.0.6)"
    - leveldb-library (~> 1.20)
    - nanopb (~> 0.3.901)
    - Protobuf (~> 3.1)
  - FirebaseInstanceID (3.4.0):
    - FirebaseCore (~> 5.2)
    - GoogleUtilities/Environment (~> 5.3)
    - GoogleUtilities/UserDefaults (~> 5.3)
  - FirebaseMessaging (3.3.0):
    - FirebaseAnalyticsInterop (~> 1.1)
    - FirebaseCore (~> 5.2)
    - FirebaseInstanceID (~> 3.4)
    - GoogleUtilities/Environment (~> 5.2)
    - GoogleUtilities/Reachability (~> 5.2)
    - Protobuf (~> 3.1)
  - FirebaseStorage (3.1.0):
    - FirebaseAuthInterop (~> 1.0)
    - FirebaseCore (~> 5.2)
    - GTMSessionFetcher/Core (~> 1.1)
  - FlagPhoneNumber (0.7.2):
    - libPhoneNumber-iOS
  - GoogleAppMeasurement (5.5.0):
    - GoogleUtilities/AppDelegateSwizzler (~> 5.2)
    - GoogleUtilities/MethodSwizzler (~> 5.2)
    - GoogleUtilities/Network (~> 5.2)
    - "GoogleUtilities/NSData+zlib (~> 5.2)"
    - nanopb (~> 0.3)
  - GoogleMaps (3.0.3):
    - GoogleMaps/Maps (= 3.0.3)
  - GoogleMaps/Base (3.0.3)
  - GoogleMaps/Maps (3.0.3):
    - GoogleMaps/Base
  - GooglePlaces (3.0.3):
    - GoogleMaps/Base (= 3.0.3)
  - GoogleUtilities/AppDelegateSwizzler (5.3.7):
    - GoogleUtilities/Environment
    - GoogleUtilities/Logger
    - GoogleUtilities/Network
  - GoogleUtilities/Environment (5.3.7)
  - GoogleUtilities/Logger (5.3.7):
    - GoogleUtilities/Environment
  - GoogleUtilities/MethodSwizzler (5.3.7):
    - GoogleUtilities/Logger
  - GoogleUtilities/Network (5.3.7):
    - GoogleUtilities/Logger
    - "GoogleUtilities/NSData+zlib"
    - GoogleUtilities/Reachability
  - "GoogleUtilities/NSData+zlib (5.3.7)"
  - GoogleUtilities/Reachability (5.3.7):
    - GoogleUtilities/Logger
  - GoogleUtilities/UserDefaults (5.3.7):
    - GoogleUtilities/Logger
  - "gRPC-C++ (0.0.6)":
    - "gRPC-C++/Implementation (= 0.0.6)"
    - "gRPC-C++/Interface (= 0.0.6)"
  - "gRPC-C++/Implementation (0.0.6)":
    - "gRPC-C++/Interface (= 0.0.6)"
    - gRPC-Core (= 1.17.0)
    - nanopb (~> 0.3)
  - "gRPC-C++/Interface (0.0.6)"
  - gRPC-Core (1.17.0):
    - gRPC-Core/Implementation (= 1.17.0)
    - gRPC-Core/Interface (= 1.17.0)
  - gRPC-Core/Implementation (1.17.0):
    - BoringSSL-GRPC (= 0.0.2)
    - gRPC-Core/Interface (= 1.17.0)
    - nanopb (~> 0.3)
  - gRPC-Core/Interface (1.17.0)
  - GTMSessionFetcher/Core (1.2.1)
  - leveldb-library (1.20)
  - libPhoneNumber-iOS (0.9.13)
  - nanopb (0.3.901):
    - nanopb/decode (= 0.3.901)
    - nanopb/encode (= 0.3.901)
  - nanopb/decode (0.3.901)
  - nanopb/encode (0.3.901)
  - PMSuperButton (2.2.0)
  - Protobuf (3.7.0)
  - SVProgressHUD (2.2.5)
  - SwiftLocation (4.0.1)
  - SwiftyJSON (4.3.0)
  - TextFieldEffects (1.5.1)

DEPENDENCIES:
  - Alamofire (~> 4.5)
  - CameraManager (~> 4.4)
  - ChameleonFramework
  - EmptyDataSet-Swift (~> 4.2.0)
  - Firebase (~> 5.16.0)
  - Firebase/Auth
  - Firebase/Database
  - Firebase/Firestore
  - Firebase/Messaging
  - Firebase/Storage
  - FlagPhoneNumber
  - GoogleMaps
  - GooglePlaces
  - PMSuperButton
  - SVProgressHUD
  - SwiftLocation (~> 4.0)
  - SwiftyJSON (~> 4.0)
  - TextFieldEffects

SPEC REPOS:
  https://github.com/cocoapods/specs.git:
    - Alamofire
    - BoringSSL-GRPC
    - CameraManager
    - ChameleonFramework
    - EmptyDataSet-Swift
    - Firebase
    - FirebaseAnalytics
    - FirebaseAnalyticsInterop
    - FirebaseAuth
    - FirebaseAuthInterop
    - FirebaseCore
    - FirebaseDatabase
    - FirebaseFirestore
    - FirebaseInstanceID
    - FirebaseMessaging
    - FirebaseStorage
    - FlagPhoneNumber
    - GoogleAppMeasurement
    - GoogleMaps
    - GooglePlaces
    - GoogleUtilities
    - "gRPC-C++"
    - gRPC-Core
    - GTMSessionFetcher
    - leveldb-library
    - libPhoneNumber-iOS
    - nanopb
    - PMSuperButton
    - Protobuf
    - SVProgressHUD
    - SwiftLocation
    - SwiftyJSON
    - TextFieldEffects

SPEC CHECKSUMS:
  Alamofire: ae5c501addb7afdbb13687d7f2f722c78734c2d3
  BoringSSL-GRPC: 2a230d9cd93e7ce39916044f645cebb31f37dde6
  CameraManager: 583710502c42178d12ef046d9d4f7893feff8354
  ChameleonFramework: d21a3cc247abfe5e37609a283a8238b03575cf64
  EmptyDataSet-Swift: 1fa0b35f530a35f852ecb2b53564728b0c300aaf
  Firebase: 749a8ff4962f9d8c79dda1966de20f6f77583d67
  FirebaseAnalytics: d35d47c03c50c73c14a7fd31463c5775843e78a9
  FirebaseAnalyticsInterop: efbe45c8385ec626e29f9525e5ebd38520dfb6c1
  FirebaseAuth: c9b3ff063c223d2841d97240af547ce511bce19a
  FirebaseAuthInterop: 0ffa57668be100582bb7643d4fcb7615496c41fc
  FirebaseCore: ea2d1816723ef21492b8e9113303e1350db5e08c
  FirebaseDatabase: 23acb0c53cd4d4070a427b60100b2e4aaa97c45d
  FirebaseFirestore: 6f2b93b4f7bb8416628142763c91ccc00fa04c86
  FirebaseInstanceID: 97ea7a5dca9afd72c79bfcdddb7a44aa1cbb42a1
  FirebaseMessaging: acbd51fe1a172bf29abaaa6e93a60f98bbf8e4f9
  FirebaseStorage: 29075f874c2b3cf61e5221a62c4ceefc809e5412
  FlagPhoneNumber: 86194d414c7e3b2f38c16136c4f8a5d34e3ee8b7
  GoogleAppMeasurement: 621f3bc6211d5ba548debe01fafad30cf5ab6859
  GoogleMaps: fd5c9fa58871781b9fb94d4936f19c69fe60ce32
  GooglePlaces: f09e76993c9c3ee4af8f4f7f535bb94d6aa3b649
  GoogleUtilities: 111a012f4c3a29c9e7c954c082fafd6ee3c999c0
  "gRPC-C++": e76441995900ac90e9bd98644ab4733f12521edf
  gRPC-Core: 4028031ed2c5267cca0d846c876d8046b1ecb9b6
  GTMSessionFetcher: 32aeca0aa144acea523e1c8e053089dec2cb98ca
  leveldb-library: 08cba283675b7ed2d99629a4bc5fd052cd2bb6a5
  libPhoneNumber-iOS: e444379ac18bbfbdefad571da735b2cd7e096caa
  nanopb: 2901f78ea1b7b4015c860c2fdd1ea2fee1a18d48
  PMSuperButton: 5e7b2eb79468dba1ced3fd00e47a7ce88a1fa664
  Protobuf: 7a877b7f3e5964e3fce995e2eb323dbc6831bb5a
  SVProgressHUD: 1428aafac632c1f86f62aa4243ec12008d7a51d6
  SwiftLocation: f6e3abae66b071c4b84a5f323dda7687d4f0b333
  SwiftyJSON: 6faa0040f8b59dead0ee07436cbf76b73c08fd08
  TextFieldEffects: 7d372f58aeaf9acd9626bbf962680aef926b085d

PODFILE CHECKSUM: 01e9cb2f1b1926d4e11ac0566af4f251a16b6b52

COCOAPODS: 1.6.0
