// !$*UTF8*$!
{
	archiveVersion = 1;
	classes = {
	};
	objectVersion = 50;
	objects = {

/* Begin PBXBuildFile section */
		07876577226260AB001DE728 /* ProfileTableViewCell.swift in Sources */ = {isa = PBXBuildFile; fileRef = 07876576226260AB001DE728 /* ProfileTableViewCell.swift */; };
		07876579226260B9001DE728 /* ProfileItems.swift in Sources */ = {isa = PBXBuildFile; fileRef = 07876578226260B9001DE728 /* ProfileItems.swift */; };
		0787657B2262827F001DE728 /* MessageViewController.swift in Sources */ = {isa = PBXBuildFile; fileRef = 0787657A2262827F001DE728 /* MessageViewController.swift */; };
		0787657F2262A628001DE728 /* Message.swift in Sources */ = {isa = PBXBuildFile; fileRef = 0787657E2262A628001DE728 /* Message.swift */; };
		0787658422664D99001DE728 /* CustomMessageCell.swift in Sources */ = {isa = PBXBuildFile; fileRef = 0787658222664D99001DE728 /* CustomMessageCell.swift */; };
		0787658522664D99001DE728 /* CustomMessageCell.xib in Resources */ = {isa = PBXBuildFile; fileRef = 0787658322664D99001DE728 /* CustomMessageCell.xib */; };
		07CC04B5225FF9950072D1BC /* WelcomeViewController.swift in Sources */ = {isa = PBXBuildFile; fileRef = 07CC04B4225FF9950072D1BC /* WelcomeViewController.swift */; };
		07CC04B72260F7A90072D1BC /* HomePageViewController.swift in Sources */ = {isa = PBXBuildFile; fileRef = 07CC04B62260F7A90072D1BC /* HomePageViewController.swift */; };
		07CC04B9226153230072D1BC /* MenuTableViewCell.swift in Sources */ = {isa = PBXBuildFile; fileRef = 07CC04B8226153230072D1BC /* MenuTableViewCell.swift */; };
		07CC04BB226172A30072D1BC /* MenuItems.swift in Sources */ = {isa = PBXBuildFile; fileRef = 07CC04BA226172A30072D1BC /* MenuItems.swift */; };
		07E30B222225BE7500904A45 /* AppDelegate.swift in Sources */ = {isa = PBXBuildFile; fileRef = 07E30B212225BE7500904A45 /* AppDelegate.swift */; };
		07E30B242225BE7500904A45 /* ViewController.swift in Sources */ = {isa = PBXBuildFile; fileRef = 07E30B232225BE7500904A45 /* ViewController.swift */; };
		07E30B272225BE7500904A45 /* Main.storyboard in Resources */ = {isa = PBXBuildFile; fileRef = 07E30B252225BE7500904A45 /* Main.storyboard */; };
		07E30B2A2225BE7500904A45 /* KeepSafe.xcdatamodeld in Sources */ = {isa = PBXBuildFile; fileRef = 07E30B282225BE7500904A45 /* KeepSafe.xcdatamodeld */; };
		07E30B2C2225BE7700904A45 /* Assets.xcassets in Resources */ = {isa = PBXBuildFile; fileRef = 07E30B2B2225BE7700904A45 /* Assets.xcassets */; };
		07E30B2F2225BE7700904A45 /* LaunchScreen.storyboard in Resources */ = {isa = PBXBuildFile; fileRef = 07E30B2D2225BE7700904A45 /* LaunchScreen.storyboard */; };
		07E30B3A2225BE7800904A45 /* KeepSafeTests.swift in Sources */ = {isa = PBXBuildFile; fileRef = 07E30B392225BE7800904A45 /* KeepSafeTests.swift */; };
		07E30B452225C0B300904A45 /* GoogleService-Info.plist in Resources */ = {isa = PBXBuildFile; fileRef = 07E30B442225C0B300904A45 /* GoogleService-Info.plist */; };
		07E30B472225C4B800904A45 /* GoogleService-Info.plist in Resources */ = {isa = PBXBuildFile; fileRef = 07E30B462225C4B800904A45 /* GoogleService-Info.plist */; };
		07E30B4D2225D8BE00904A45 /* LogInViewController.swift in Sources */ = {isa = PBXBuildFile; fileRef = 07E30B4C2225D8BE00904A45 /* LogInViewController.swift */; };
		07E30B4F2225E3D000904A45 /* RegisterViewController.swift in Sources */ = {isa = PBXBuildFile; fileRef = 07E30B4E2225E3CF00904A45 /* RegisterViewController.swift */; };
		07E30B5122263BE600904A45 /* Users.swift in Sources */ = {isa = PBXBuildFile; fileRef = 07E30B5022263BE600904A45 /* Users.swift */; };
		215F29B78E1EFE3505004216 /* Pods_KeepSafeTests.framework in Frameworks */ = {isa = PBXBuildFile; fileRef = FA749F84653B2EFB25F62DC3 /* Pods_KeepSafeTests.framework */; };
		A2AD0A43B7B9D5F6F4478DD7 /* Pods_KeepSafe.framework in Frameworks */ = {isa = PBXBuildFile; fileRef = A2FD260DFCB403E7E3BACB8F /* Pods_KeepSafe.framework */; };
/* End PBXBuildFile section */

/* Begin PBXContainerItemProxy section */
		07E30B362225BE7800904A45 /* PBXContainerItemProxy */ = {
			isa = PBXContainerItemProxy;
			containerPortal = 07E30B162225BE7400904A45 /* Project object */;
			proxyType = 1;
			remoteGlobalIDString = 07E30B1D2225BE7500904A45;
			remoteInfo = KeepSafe;
		};
/* End PBXContainerItemProxy section */

/* Begin PBXFileReference section */
		07876576226260AB001DE728 /* ProfileTableViewCell.swift */ = {isa = PBXFileReference; lastKnownFileType = sourcecode.swift; path = ProfileTableViewCell.swift; sourceTree = "<group>"; };
		07876578226260B9001DE728 /* ProfileItems.swift */ = {isa = PBXFileReference; lastKnownFileType = sourcecode.swift; path = ProfileItems.swift; sourceTree = "<group>"; };
		0787657A2262827F001DE728 /* MessageViewController.swift */ = {isa = PBXFileReference; lastKnownFileType = sourcecode.swift; path = MessageViewController.swift; sourceTree = "<group>"; };
		0787657E2262A628001DE728 /* Message.swift */ = {isa = PBXFileReference; lastKnownFileType = sourcecode.swift; path = Message.swift; sourceTree = "<group>"; };
		0787658222664D99001DE728 /* CustomMessageCell.swift */ = {isa = PBXFileReference; lastKnownFileType = sourcecode.swift; path = CustomMessageCell.swift; sourceTree = "<group>"; };
		0787658322664D99001DE728 /* CustomMessageCell.xib */ = {isa = PBXFileReference; lastKnownFileType = file.xib; path = CustomMessageCell.xib; sourceTree = "<group>"; };
		07CC04B4225FF9950072D1BC /* WelcomeViewController.swift */ = {isa = PBXFileReference; fileEncoding = 4; lastKnownFileType = sourcecode.swift; path = WelcomeViewController.swift; sourceTree = "<group>"; };
		07CC04B62260F7A90072D1BC /* HomePageViewController.swift */ = {isa = PBXFileReference; lastKnownFileType = sourcecode.swift; path = HomePageViewController.swift; sourceTree = "<group>"; };
		07CC04B8226153230072D1BC /* MenuTableViewCell.swift */ = {isa = PBXFileReference; lastKnownFileType = sourcecode.swift; path = MenuTableViewCell.swift; sourceTree = "<group>"; };
		07CC04BA226172A30072D1BC /* MenuItems.swift */ = {isa = PBXFileReference; lastKnownFileType = sourcecode.swift; path = MenuItems.swift; sourceTree = "<group>"; };
		07E30B1E2225BE7500904A45 /* KeepSafe.app */ = {isa = PBXFileReference; explicitFileType = wrapper.application; includeInIndex = 0; path = KeepSafe.app; sourceTree = BUILT_PRODUCTS_DIR; };
		07E30B212225BE7500904A45 /* AppDelegate.swift */ = {isa = PBXFileReference; lastKnownFileType = sourcecode.swift; path = AppDelegate.swift; sourceTree = "<group>"; };
		07E30B232225BE7500904A45 /* ViewController.swift */ = {isa = PBXFileReference; lastKnownFileType = sourcecode.swift; path = ViewController.swift; sourceTree = "<group>"; };
		07E30B262225BE7500904A45 /* Base */ = {isa = PBXFileReference; lastKnownFileType = file.storyboard; name = Base; path = Base.lproj/Main.storyboard; sourceTree = "<group>"; };
		07E30B292225BE7500904A45 /* KeepSafe.xcdatamodel */ = {isa = PBXFileReference; lastKnownFileType = wrapper.xcdatamodel; path = KeepSafe.xcdatamodel; sourceTree = "<group>"; };
		07E30B2B2225BE7700904A45 /* Assets.xcassets */ = {isa = PBXFileReference; lastKnownFileType = folder.assetcatalog; path = Assets.xcassets; sourceTree = "<group>"; };
		07E30B2E2225BE7700904A45 /* Base */ = {isa = PBXFileReference; lastKnownFileType = file.storyboard; name = Base; path = Base.lproj/LaunchScreen.storyboard; sourceTree = "<group>"; };
		07E30B302225BE7700904A45 /* Info.plist */ = {isa = PBXFileReference; lastKnownFileType = text.plist.xml; path = Info.plist; sourceTree = "<group>"; };
		07E30B352225BE7800904A45 /* KeepSafeTests.xctest */ = {isa = PBXFileReference; explicitFileType = wrapper.cfbundle; includeInIndex = 0; path = KeepSafeTests.xctest; sourceTree = BUILT_PRODUCTS_DIR; };
		07E30B392225BE7800904A45 /* KeepSafeTests.swift */ = {isa = PBXFileReference; lastKnownFileType = sourcecode.swift; path = KeepSafeTests.swift; sourceTree = "<group>"; };
		07E30B3B2225BE7800904A45 /* Info.plist */ = {isa = PBXFileReference; lastKnownFileType = text.plist.xml; path = Info.plist; sourceTree = "<group>"; };
		07E30B442225C0B300904A45 /* GoogleService-Info.plist */ = {isa = PBXFileReference; fileEncoding = 4; lastKnownFileType = text.plist.xml; path = "GoogleService-Info.plist"; sourceTree = "<group>"; };
		07E30B462225C4B800904A45 /* GoogleService-Info.plist */ = {isa = PBXFileReference; fileEncoding = 4; lastKnownFileType = text.plist.xml; path = "GoogleService-Info.plist"; sourceTree = "<group>"; };
		07E30B4C2225D8BE00904A45 /* LogInViewController.swift */ = {isa = PBXFileReference; lastKnownFileType = sourcecode.swift; path = LogInViewController.swift; sourceTree = "<group>"; };
		07E30B4E2225E3CF00904A45 /* RegisterViewController.swift */ = {isa = PBXFileReference; lastKnownFileType = sourcecode.swift; path = RegisterViewController.swift; sourceTree = "<group>"; };
		07E30B5022263BE600904A45 /* Users.swift */ = {isa = PBXFileReference; lastKnownFileType = sourcecode.swift; path = Users.swift; sourceTree = "<group>"; };
		3EC05CC27689D43FEB4E5457 /* Pods-KeepSafe.release.xcconfig */ = {isa = PBXFileReference; includeInIndex = 1; lastKnownFileType = text.xcconfig; name = "Pods-KeepSafe.release.xcconfig"; path = "Target Support Files/Pods-KeepSafe/Pods-KeepSafe.release.xcconfig"; sourceTree = "<group>"; };
		6098995795134EAAF354BEF3 /* Pods-KeepSafe.debug.xcconfig */ = {isa = PBXFileReference; includeInIndex = 1; lastKnownFileType = text.xcconfig; name = "Pods-KeepSafe.debug.xcconfig"; path = "Target Support Files/Pods-KeepSafe/Pods-KeepSafe.debug.xcconfig"; sourceTree = "<group>"; };
		A2FD260DFCB403E7E3BACB8F /* Pods_KeepSafe.framework */ = {isa = PBXFileReference; explicitFileType = wrapper.framework; includeInIndex = 0; path = Pods_KeepSafe.framework; sourceTree = BUILT_PRODUCTS_DIR; };
		D38CC7DA8F4977751B6343BD /* Pods-KeepSafeTests.release.xcconfig */ = {isa = PBXFileReference; includeInIndex = 1; lastKnownFileType = text.xcconfig; name = "Pods-KeepSafeTests.release.xcconfig"; path = "Target Support Files/Pods-KeepSafeTests/Pods-KeepSafeTests.release.xcconfig"; sourceTree = "<group>"; };
		FA749F84653B2EFB25F62DC3 /* Pods_KeepSafeTests.framework */ = {isa = PBXFileReference; explicitFileType = wrapper.framework; includeInIndex = 0; path = Pods_KeepSafeTests.framework; sourceTree = BUILT_PRODUCTS_DIR; };
		FE4F89C5C12B54E4B9AB37DC /* Pods-KeepSafeTests.debug.xcconfig */ = {isa = PBXFileReference; includeInIndex = 1; lastKnownFileType = text.xcconfig; name = "Pods-KeepSafeTests.debug.xcconfig"; path = "Target Support Files/Pods-KeepSafeTests/Pods-KeepSafeTests.debug.xcconfig"; sourceTree = "<group>"; };
/* End PBXFileReference section */

/* Begin PBXFrameworksBuildPhase section */
		07E30B1B2225BE7500904A45 /* Frameworks */ = {
			isa = PBXFrameworksBuildPhase;
			buildActionMask = 2147483647;
			files = (
				A2AD0A43B7B9D5F6F4478DD7 /* Pods_KeepSafe.framework in Frameworks */,
			);
			runOnlyForDeploymentPostprocessing = 0;
		};
		07E30B322225BE7800904A45 /* Frameworks */ = {
			isa = PBXFrameworksBuildPhase;
			buildActionMask = 2147483647;
			files = (
				215F29B78E1EFE3505004216 /* Pods_KeepSafeTests.framework in Frameworks */,
			);
			runOnlyForDeploymentPostprocessing = 0;
		};
/* End PBXFrameworksBuildPhase section */

/* Begin PBXGroup section */
		0787657C22628289001DE728 /* TableView */ = {
			isa = PBXGroup;
			children = (
				07876576226260AB001DE728 /* ProfileTableViewCell.swift */,
				07876578226260B9001DE728 /* ProfileItems.swift */,
				07CC04B8226153230072D1BC /* MenuTableViewCell.swift */,
				07CC04BA226172A30072D1BC /* MenuItems.swift */,
			);
			path = TableView;
			sourceTree = "<group>";
		};
		0787657D226282B0001DE728 /* MessageVC */ = {
			isa = PBXGroup;
			children = (
				0787657A2262827F001DE728 /* MessageViewController.swift */,
				0787658222664D99001DE728 /* CustomMessageCell.swift */,
				0787658322664D99001DE728 /* CustomMessageCell.xib */,
				0787657E2262A628001DE728 /* Message.swift */,
			);
			path = MessageVC;
			sourceTree = "<group>";
		};
		07E30B152225BE7400904A45 = {
			isa = PBXGroup;
			children = (
				07E30B202225BE7500904A45 /* KeepSafe */,
				07E30B382225BE7800904A45 /* KeepSafeTests */,
				07E30B1F2225BE7500904A45 /* Products */,
				D4682F3A0298D648D24CF416 /* Pods */,
				7DFD31A795D77660F117AA1D /* Frameworks */,
			);
			sourceTree = "<group>";
		};
		07E30B1F2225BE7500904A45 /* Products */ = {
			isa = PBXGroup;
			children = (
				07E30B1E2225BE7500904A45 /* KeepSafe.app */,
				07E30B352225BE7800904A45 /* KeepSafeTests.xctest */,
			);
			name = Products;
			sourceTree = "<group>";
		};
		07E30B202225BE7500904A45 /* KeepSafe */ = {
			isa = PBXGroup;
			children = (
				0787657D226282B0001DE728 /* MessageVC */,
				0787657C22628289001DE728 /* TableView */,
				07CC04B4225FF9950072D1BC /* WelcomeViewController.swift */,
				07E30B212225BE7500904A45 /* AppDelegate.swift */,
				07E30B4E2225E3CF00904A45 /* RegisterViewController.swift */,
				07E30B5022263BE600904A45 /* Users.swift */,
				07E30B232225BE7500904A45 /* ViewController.swift */,
				07E30B4C2225D8BE00904A45 /* LogInViewController.swift */,
				07E30B252225BE7500904A45 /* Main.storyboard */,
				07CC04B62260F7A90072D1BC /* HomePageViewController.swift */,
				07E30B2B2225BE7700904A45 /* Assets.xcassets */,
				07E30B2D2225BE7700904A45 /* LaunchScreen.storyboard */,
				07E30B302225BE7700904A45 /* Info.plist */,
				07E30B282225BE7500904A45 /* KeepSafe.xcdatamodeld */,
				07E30B462225C4B800904A45 /* GoogleService-Info.plist */,
			);
			path = KeepSafe;
			sourceTree = "<group>";
		};
		07E30B382225BE7800904A45 /* KeepSafeTests */ = {
			isa = PBXGroup;
			children = (
				07E30B392225BE7800904A45 /* KeepSafeTests.swift */,
				07E30B3B2225BE7800904A45 /* Info.plist */,
				07E30B442225C0B300904A45 /* GoogleService-Info.plist */,
			);
			path = KeepSafeTests;
			sourceTree = "<group>";
		};
		7DFD31A795D77660F117AA1D /* Frameworks */ = {
			isa = PBXGroup;
			children = (
				A2FD260DFCB403E7E3BACB8F /* Pods_KeepSafe.framework */,
				FA749F84653B2EFB25F62DC3 /* Pods_KeepSafeTests.framework */,
			);
			name = Frameworks;
			sourceTree = "<group>";
		};
		D4682F3A0298D648D24CF416 /* Pods */ = {
			isa = PBXGroup;
			children = (
				6098995795134EAAF354BEF3 /* Pods-KeepSafe.debug.xcconfig */,
				3EC05CC27689D43FEB4E5457 /* Pods-KeepSafe.release.xcconfig */,
				FE4F89C5C12B54E4B9AB37DC /* Pods-KeepSafeTests.debug.xcconfig */,
				D38CC7DA8F4977751B6343BD /* Pods-KeepSafeTests.release.xcconfig */,
			);
			path = Pods;
			sourceTree = "<group>";
		};
/* End PBXGroup section */

/* Begin PBXNativeTarget section */
		07E30B1D2225BE7500904A45 /* KeepSafe */ = {
			isa = PBXNativeTarget;
			buildConfigurationList = 07E30B3E2225BE7800904A45 /* Build configuration list for PBXNativeTarget "KeepSafe" */;
			buildPhases = (
				9BD233980372B9F1005C010A /* [CP] Check Pods Manifest.lock */,
				07E30B1A2225BE7500904A45 /* Sources */,
				07E30B1B2225BE7500904A45 /* Frameworks */,
				07E30B1C2225BE7500904A45 /* Resources */,
				0E810E49EBE8B000B1020DF1 /* [CP] Embed Pods Frameworks */,
				452DA0046E8A2FF311E962A7 /* [CP] Copy Pods Resources */,
			);
			buildRules = (
			);
			dependencies = (
			);
			name = KeepSafe;
			productName = KeepSafe;
			productReference = 07E30B1E2225BE7500904A45 /* KeepSafe.app */;
			productType = "com.apple.product-type.application";
		};
		07E30B342225BE7800904A45 /* KeepSafeTests */ = {
			isa = PBXNativeTarget;
			buildConfigurationList = 07E30B412225BE7800904A45 /* Build configuration list for PBXNativeTarget "KeepSafeTests" */;
			buildPhases = (
				433650D07DCE2ADC353E6ED2 /* [CP] Check Pods Manifest.lock */,
				07E30B312225BE7800904A45 /* Sources */,
				07E30B322225BE7800904A45 /* Frameworks */,
				07E30B332225BE7800904A45 /* Resources */,
			);
			buildRules = (
			);
			dependencies = (
				07E30B372225BE7800904A45 /* PBXTargetDependency */,
			);
			name = KeepSafeTests;
			productName = KeepSafeTests;
			productReference = 07E30B352225BE7800904A45 /* KeepSafeTests.xctest */;
			productType = "com.apple.product-type.bundle.unit-test";
		};
/* End PBXNativeTarget section */

/* Begin PBXProject section */
		07E30B162225BE7400904A45 /* Project object */ = {
			isa = PBXProject;
			attributes = {
				LastSwiftUpdateCheck = 1010;
				LastUpgradeCheck = 1010;
				ORGANIZATIONNAME = "Omar Tehsin";
				TargetAttributes = {
					07E30B1D2225BE7500904A45 = {
						CreatedOnToolsVersion = 10.1;
					};
					07E30B342225BE7800904A45 = {
						CreatedOnToolsVersion = 10.1;
						TestTargetID = 07E30B1D2225BE7500904A45;
					};
				};
			};
			buildConfigurationList = 07E30B192225BE7400904A45 /* Build configuration list for PBXProject "KeepSafe" */;
			compatibilityVersion = "Xcode 9.3";
			developmentRegion = en;
			hasScannedForEncodings = 0;
			knownRegions = (
				en,
				Base,
			);
			mainGroup = 07E30B152225BE7400904A45;
			productRefGroup = 07E30B1F2225BE7500904A45 /* Products */;
			projectDirPath = "";
			projectRoot = "";
			targets = (
				07E30B1D2225BE7500904A45 /* KeepSafe */,
				07E30B342225BE7800904A45 /* KeepSafeTests */,
			);
		};
/* End PBXProject section */

/* Begin PBXResourcesBuildPhase section */
		07E30B1C2225BE7500904A45 /* Resources */ = {
			isa = PBXResourcesBuildPhase;
			buildActionMask = 2147483647;
			files = (
				07E30B2F2225BE7700904A45 /* LaunchScreen.storyboard in Resources */,
				07E30B472225C4B800904A45 /* GoogleService-Info.plist in Resources */,
				07E30B2C2225BE7700904A45 /* Assets.xcassets in Resources */,
				0787658522664D99001DE728 /* CustomMessageCell.xib in Resources */,
				07E30B272225BE7500904A45 /* Main.storyboard in Resources */,
			);
			runOnlyForDeploymentPostprocessing = 0;
		};
		07E30B332225BE7800904A45 /* Resources */ = {
			isa = PBXResourcesBuildPhase;
			buildActionMask = 2147483647;
			files = (
				07E30B452225C0B300904A45 /* GoogleService-Info.plist in Resources */,
			);
			runOnlyForDeploymentPostprocessing = 0;
		};
/* End PBXResourcesBuildPhase section */

/* Begin PBXShellScriptBuildPhase section */
		0E810E49EBE8B000B1020DF1 /* [CP] Embed Pods Frameworks */ = {
			isa = PBXShellScriptBuildPhase;
			buildActionMask = 2147483647;
			files = (
			);
			inputFileListPaths = (
			);
			inputPaths = (
				"${PODS_ROOT}/Target Support Files/Pods-KeepSafe/Pods-KeepSafe-frameworks.sh",
				"${BUILT_PRODUCTS_DIR}/ChameleonFramework/ChameleonFramework.framework",
				"${BUILT_PRODUCTS_DIR}/GTMSessionFetcher/GTMSessionFetcher.framework",
				"${BUILT_PRODUCTS_DIR}/GoogleUtilities/GoogleUtilities.framework",
				"${BUILT_PRODUCTS_DIR}/PMSuperButton/PMSuperButton.framework",
				"${BUILT_PRODUCTS_DIR}/SVProgressHUD/SVProgressHUD.framework",
				"${BUILT_PRODUCTS_DIR}/TextFieldEffects/TextFieldEffects.framework",
				"${BUILT_PRODUCTS_DIR}/leveldb-library/leveldb.framework",
				"${BUILT_PRODUCTS_DIR}/nanopb/nanopb.framework",
			);
			name = "[CP] Embed Pods Frameworks";
			outputFileListPaths = (
			);
			outputPaths = (
				"${TARGET_BUILD_DIR}/${FRAMEWORKS_FOLDER_PATH}/ChameleonFramework.framework",
				"${TARGET_BUILD_DIR}/${FRAMEWORKS_FOLDER_PATH}/GTMSessionFetcher.framework",
				"${TARGET_BUILD_DIR}/${FRAMEWORKS_FOLDER_PATH}/GoogleUtilities.framework",
				"${TARGET_BUILD_DIR}/${FRAMEWORKS_FOLDER_PATH}/PMSuperButton.framework",
				"${TARGET_BUILD_DIR}/${FRAMEWORKS_FOLDER_PATH}/SVProgressHUD.framework",
				"${TARGET_BUILD_DIR}/${FRAMEWORKS_FOLDER_PATH}/TextFieldEffects.framework",
				"${TARGET_BUILD_DIR}/${FRAMEWORKS_FOLDER_PATH}/leveldb.framework",
				"${TARGET_BUILD_DIR}/${FRAMEWORKS_FOLDER_PATH}/nanopb.framework",
			);
			runOnlyForDeploymentPostprocessing = 0;
			shellPath = /bin/sh;
			shellScript = "\"${PODS_ROOT}/Target Support Files/Pods-KeepSafe/Pods-KeepSafe-frameworks.sh\"\n";
			showEnvVarsInLog = 0;
		};
		433650D07DCE2ADC353E6ED2 /* [CP] Check Pods Manifest.lock */ = {
			isa = PBXShellScriptBuildPhase;
			buildActionMask = 2147483647;
			files = (
			);
			inputFileListPaths = (
			);
			inputPaths = (
				"${PODS_PODFILE_DIR_PATH}/Podfile.lock",
				"${PODS_ROOT}/Manifest.lock",
			);
			name = "[CP] Check Pods Manifest.lock";
			outputFileListPaths = (
			);
			outputPaths = (
				"$(DERIVED_FILE_DIR)/Pods-KeepSafeTests-checkManifestLockResult.txt",
			);
			runOnlyForDeploymentPostprocessing = 0;
			shellPath = /bin/sh;
			shellScript = "diff \"${PODS_PODFILE_DIR_PATH}/Podfile.lock\" \"${PODS_ROOT}/Manifest.lock\" > /dev/null\nif [ $? != 0 ] ; then\n    # print error to STDERR\n    echo \"error: The sandbox is not in sync with the Podfile.lock. Run 'pod install' or update your CocoaPods installation.\" >&2\n    exit 1\nfi\n# This output is used by Xcode 'outputs' to avoid re-running this script phase.\necho \"SUCCESS\" > \"${SCRIPT_OUTPUT_FILE_0}\"\n";
			showEnvVarsInLog = 0;
		};
		452DA0046E8A2FF311E962A7 /* [CP] Copy Pods Resources */ = {
			isa = PBXShellScriptBuildPhase;
			buildActionMask = 2147483647;
			files = (
			);
			inputFileListPaths = (
			);
			inputPaths = (
				"${PODS_ROOT}/Target Support Files/Pods-KeepSafe/Pods-KeepSafe-resources.sh",
				"${PODS_ROOT}/GoogleMaps/Maps/Frameworks/GoogleMaps.framework/Resources/GoogleMaps.bundle",
				"${PODS_ROOT}/GooglePlaces/Frameworks/GooglePlaces.framework/Resources/GooglePlaces.bundle",
			);
			name = "[CP] Copy Pods Resources";
			outputFileListPaths = (
			);
			outputPaths = (
				"${TARGET_BUILD_DIR}/${UNLOCALIZED_RESOURCES_FOLDER_PATH}/GoogleMaps.bundle",
				"${TARGET_BUILD_DIR}/${UNLOCALIZED_RESOURCES_FOLDER_PATH}/GooglePlaces.bundle",
			);
			runOnlyForDeploymentPostprocessing = 0;
			shellPath = /bin/sh;
			shellScript = "\"${PODS_ROOT}/Target Support Files/Pods-KeepSafe/Pods-KeepSafe-resources.sh\"\n";
			showEnvVarsInLog = 0;
		};
		9BD233980372B9F1005C010A /* [CP] Check Pods Manifest.lock */ = {
			isa = PBXShellScriptBuildPhase;
			buildActionMask = 2147483647;
			files = (
			);
			inputFileListPaths = (
			);
			inputPaths = (
				"${PODS_PODFILE_DIR_PATH}/Podfile.lock",
				"${PODS_ROOT}/Manifest.lock",
			);
			name = "[CP] Check Pods Manifest.lock";
			outputFileListPaths = (
			);
			outputPaths = (
				"$(DERIVED_FILE_DIR)/Pods-KeepSafe-checkManifestLockResult.txt",
			);
			runOnlyForDeploymentPostprocessing = 0;
			shellPath = /bin/sh;
			shellScript = "diff \"${PODS_PODFILE_DIR_PATH}/Podfile.lock\" \"${PODS_ROOT}/Manifest.lock\" > /dev/null\nif [ $? != 0 ] ; then\n    # print error to STDERR\n    echo \"error: The sandbox is not in sync with the Podfile.lock. Run 'pod install' or update your CocoaPods installation.\" >&2\n    exit 1\nfi\n# This output is used by Xcode 'outputs' to avoid re-running this script phase.\necho \"SUCCESS\" > \"${SCRIPT_OUTPUT_FILE_0}\"\n";
			showEnvVarsInLog = 0;
		};
/* End PBXShellScriptBuildPhase section */

/* Begin PBXSourcesBuildPhase section */
		07E30B1A2225BE7500904A45 /* Sources */ = {
			isa = PBXSourcesBuildPhase;
			buildActionMask = 2147483647;
			files = (
				07876579226260B9001DE728 /* ProfileItems.swift in Sources */,
				0787657B2262827F001DE728 /* MessageViewController.swift in Sources */,
				0787658422664D99001DE728 /* CustomMessageCell.swift in Sources */,
				07E30B242225BE7500904A45 /* ViewController.swift in Sources */,
				07E30B222225BE7500904A45 /* AppDelegate.swift in Sources */,
				07E30B4F2225E3D000904A45 /* RegisterViewController.swift in Sources */,
				07876577226260AB001DE728 /* ProfileTableViewCell.swift in Sources */,
				07E30B4D2225D8BE00904A45 /* LogInViewController.swift in Sources */,
				07CC04B72260F7A90072D1BC /* HomePageViewController.swift in Sources */,
				07CC04B9226153230072D1BC /* MenuTableViewCell.swift in Sources */,
				07E30B2A2225BE7500904A45 /* KeepSafe.xcdatamodeld in Sources */,
				07CC04BB226172A30072D1BC /* MenuItems.swift in Sources */,
				07E30B5122263BE600904A45 /* Users.swift in Sources */,
				07CC04B5225FF9950072D1BC /* WelcomeViewController.swift in Sources */,
				0787657F2262A628001DE728 /* Message.swift in Sources */,
			);
			runOnlyForDeploymentPostprocessing = 0;
		};
		07E30B312225BE7800904A45 /* Sources */ = {
			isa = PBXSourcesBuildPhase;
			buildActionMask = 2147483647;
			files = (
				07E30B3A2225BE7800904A45 /* KeepSafeTests.swift in Sources */,
			);
			runOnlyForDeploymentPostprocessing = 0;
		};
/* End PBXSourcesBuildPhase section */

/* Begin PBXTargetDependency section */
		07E30B372225BE7800904A45 /* PBXTargetDependency */ = {
			isa = PBXTargetDependency;
			target = 07E30B1D2225BE7500904A45 /* KeepSafe */;
			targetProxy = 07E30B362225BE7800904A45 /* PBXContainerItemProxy */;
		};
/* End PBXTargetDependency section */

/* Begin PBXVariantGroup section */
		07E30B252225BE7500904A45 /* Main.storyboard */ = {
			isa = PBXVariantGroup;
			children = (
				07E30B262225BE7500904A45 /* Base */,
			);
			name = Main.storyboard;
			sourceTree = "<group>";
		};
		07E30B2D2225BE7700904A45 /* LaunchScreen.storyboard */ = {
			isa = PBXVariantGroup;
			children = (
				07E30B2E2225BE7700904A45 /* Base */,
			);
			name = LaunchScreen.storyboard;
			sourceTree = "<group>";
		};
/* End PBXVariantGroup section */

/* Begin XCBuildConfiguration section */
		07E30B3C2225BE7800904A45 /* Debug */ = {
			isa = XCBuildConfiguration;
			buildSettings = {
				ALWAYS_SEARCH_USER_PATHS = NO;
				CLANG_ANALYZER_NONNULL = YES;
				CLANG_ANALYZER_NUMBER_OBJECT_CONVERSION = YES_AGGRESSIVE;
				CLANG_CXX_LANGUAGE_STANDARD = "gnu++14";
				CLANG_CXX_LIBRARY = "libc++";
				CLANG_ENABLE_MODULES = YES;
				CLANG_ENABLE_OBJC_ARC = YES;
				CLANG_ENABLE_OBJC_WEAK = YES;
				CLANG_WARN_BLOCK_CAPTURE_AUTORELEASING = YES;
				CLANG_WARN_BOOL_CONVERSION = YES;
				CLANG_WARN_COMMA = YES;
				CLANG_WARN_CONSTANT_CONVERSION = YES;
				CLANG_WARN_DEPRECATED_OBJC_IMPLEMENTATIONS = YES;
				CLANG_WARN_DIRECT_OBJC_ISA_USAGE = YES_ERROR;
				CLANG_WARN_DOCUMENTATION_COMMENTS = YES;
				CLANG_WARN_EMPTY_BODY = YES;
				CLANG_WARN_ENUM_CONVERSION = YES;
				CLANG_WARN_INFINITE_RECURSION = YES;
				CLANG_WARN_INT_CONVERSION = YES;
				CLANG_WARN_NON_LITERAL_NULL_CONVERSION = YES;
				CLANG_WARN_OBJC_IMPLICIT_RETAIN_SELF = YES;
				CLANG_WARN_OBJC_LITERAL_CONVERSION = YES;
				CLANG_WARN_OBJC_ROOT_CLASS = YES_ERROR;
				CLANG_WARN_RANGE_LOOP_ANALYSIS = YES;
				CLANG_WARN_STRICT_PROTOTYPES = YES;
				CLANG_WARN_SUSPICIOUS_MOVE = YES;
				CLANG_WARN_UNGUARDED_AVAILABILITY = YES_AGGRESSIVE;
				CLANG_WARN_UNREACHABLE_CODE = YES;
				CLANG_WARN__DUPLICATE_METHOD_MATCH = YES;
				CODE_SIGN_IDENTITY = "iPhone Developer";
				COPY_PHASE_STRIP = NO;
				DEBUG_INFORMATION_FORMAT = dwarf;
				ENABLE_STRICT_OBJC_MSGSEND = YES;
				ENABLE_TESTABILITY = YES;
				GCC_C_LANGUAGE_STANDARD = gnu11;
				GCC_DYNAMIC_NO_PIC = NO;
				GCC_NO_COMMON_BLOCKS = YES;
				GCC_OPTIMIZATION_LEVEL = 0;
				GCC_PREPROCESSOR_DEFINITIONS = (
					"DEBUG=1",
					"$(inherited)",
				);
				GCC_WARN_64_TO_32_BIT_CONVERSION = YES;
				GCC_WARN_ABOUT_RETURN_TYPE = YES_ERROR;
				GCC_WARN_UNDECLARED_SELECTOR = YES;
				GCC_WARN_UNINITIALIZED_AUTOS = YES_AGGRESSIVE;
				GCC_WARN_UNUSED_FUNCTION = YES;
				GCC_WARN_UNUSED_VARIABLE = YES;
				IPHONEOS_DEPLOYMENT_TARGET = 12.1;
				MTL_ENABLE_DEBUG_INFO = INCLUDE_SOURCE;
				MTL_FAST_MATH = YES;
				ONLY_ACTIVE_ARCH = YES;
				SDKROOT = iphoneos;
				SWIFT_ACTIVE_COMPILATION_CONDITIONS = DEBUG;
				SWIFT_OPTIMIZATION_LEVEL = "-Onone";
			};
			name = Debug;
		};
		07E30B3D2225BE7800904A45 /* Release */ = {
			isa = XCBuildConfiguration;
			buildSettings = {
				ALWAYS_SEARCH_USER_PATHS = NO;
				CLANG_ANALYZER_NONNULL = YES;
				CLANG_ANALYZER_NUMBER_OBJECT_CONVERSION = YES_AGGRESSIVE;
				CLANG_CXX_LANGUAGE_STANDARD = "gnu++14";
				CLANG_CXX_LIBRARY = "libc++";
				CLANG_ENABLE_MODULES = YES;
				CLANG_ENABLE_OBJC_ARC = YES;
				CLANG_ENABLE_OBJC_WEAK = YES;
				CLANG_WARN_BLOCK_CAPTURE_AUTORELEASING = YES;
				CLANG_WARN_BOOL_CONVERSION = YES;
				CLANG_WARN_COMMA = YES;
				CLANG_WARN_CONSTANT_CONVERSION = YES;
				CLANG_WARN_DEPRECATED_OBJC_IMPLEMENTATIONS = YES;
				CLANG_WARN_DIRECT_OBJC_ISA_USAGE = YES_ERROR;
				CLANG_WARN_DOCUMENTATION_COMMENTS = YES;
				CLANG_WARN_EMPTY_BODY = YES;
				CLANG_WARN_ENUM_CONVERSION = YES;
				CLANG_WARN_INFINITE_RECURSION = YES;
				CLANG_WARN_INT_CONVERSION = YES;
				CLANG_WARN_NON_LITERAL_NULL_CONVERSION = YES;
				CLANG_WARN_OBJC_IMPLICIT_RETAIN_SELF = YES;
				CLANG_WARN_OBJC_LITERAL_CONVERSION = YES;
				CLANG_WARN_OBJC_ROOT_CLASS = YES_ERROR;
				CLANG_WARN_RANGE_LOOP_ANALYSIS = YES;
				CLANG_WARN_STRICT_PROTOTYPES = YES;
				CLANG_WARN_SUSPICIOUS_MOVE = YES;
				CLANG_WARN_UNGUARDED_AVAILABILITY = YES_AGGRESSIVE;
				CLANG_WARN_UNREACHABLE_CODE = YES;
				CLANG_WARN__DUPLICATE_METHOD_MATCH = YES;
				CODE_SIGN_IDENTITY = "iPhone Developer";
				COPY_PHASE_STRIP = NO;
				DEBUG_INFORMATION_FORMAT = "dwarf-with-dsym";
				ENABLE_NS_ASSERTIONS = NO;
				ENABLE_STRICT_OBJC_MSGSEND = YES;
				GCC_C_LANGUAGE_STANDARD = gnu11;
				GCC_NO_COMMON_BLOCKS = YES;
				GCC_WARN_64_TO_32_BIT_CONVERSION = YES;
				GCC_WARN_ABOUT_RETURN_TYPE = YES_ERROR;
				GCC_WARN_UNDECLARED_SELECTOR = YES;
				GCC_WARN_UNINITIALIZED_AUTOS = YES_AGGRESSIVE;
				GCC_WARN_UNUSED_FUNCTION = YES;
				GCC_WARN_UNUSED_VARIABLE = YES;
				IPHONEOS_DEPLOYMENT_TARGET = 12.1;
				MTL_ENABLE_DEBUG_INFO = NO;
				MTL_FAST_MATH = YES;
				SDKROOT = iphoneos;
				SWIFT_COMPILATION_MODE = wholemodule;
				SWIFT_OPTIMIZATION_LEVEL = "-O";
				VALIDATE_PRODUCT = YES;
			};
			name = Release;
		};
		07E30B3F2225BE7800904A45 /* Debug */ = {
			isa = XCBuildConfiguration;
			baseConfigurationReference = 6098995795134EAAF354BEF3 /* Pods-KeepSafe.debug.xcconfig */;
			buildSettings = {
				ASSETCATALOG_COMPILER_APPICON_NAME = AppIcon;
				CODE_SIGN_STYLE = Automatic;
				DEVELOPMENT_TEAM = 3CHBMWBLU9;
				INFOPLIST_FILE = KeepSafe/Info.plist;
				LD_RUNPATH_SEARCH_PATHS = (
					"$(inherited)",
					"@executable_path/Frameworks",
				);
				PRODUCT_BUNDLE_IDENTIFIER = com.omartehsin.KeepSafe;
				PRODUCT_NAME = "$(TARGET_NAME)";
				SWIFT_VERSION = 4.2;
				TARGETED_DEVICE_FAMILY = "1,2";
			};
			name = Debug;
		};
		07E30B402225BE7800904A45 /* Release */ = {
			isa = XCBuildConfiguration;
			baseConfigurationReference = 3EC05CC27689D43FEB4E5457 /* Pods-KeepSafe.release.xcconfig */;
			buildSettings = {
				ASSETCATALOG_COMPILER_APPICON_NAME = AppIcon;
				CODE_SIGN_STYLE = Automatic;
				DEVELOPMENT_TEAM = 3CHBMWBLU9;
				INFOPLIST_FILE = KeepSafe/Info.plist;
				LD_RUNPATH_SEARCH_PATHS = (
					"$(inherited)",
					"@executable_path/Frameworks",
				);
				PRODUCT_BUNDLE_IDENTIFIER = com.omartehsin.KeepSafe;
				PRODUCT_NAME = "$(TARGET_NAME)";
				SWIFT_VERSION = 4.2;
				TARGETED_DEVICE_FAMILY = "1,2";
			};
			name = Release;
		};
		07E30B422225BE7800904A45 /* Debug */ = {
			isa = XCBuildConfiguration;
			baseConfigurationReference = FE4F89C5C12B54E4B9AB37DC /* Pods-KeepSafeTests.debug.xcconfig */;
			buildSettings = {
				ALWAYS_EMBED_SWIFT_STANDARD_LIBRARIES = YES;
				BUNDLE_LOADER = "$(TEST_HOST)";
				CODE_SIGN_STYLE = Automatic;
				DEVELOPMENT_TEAM = 3CHBMWBLU9;
				INFOPLIST_FILE = KeepSafeTests/Info.plist;
				LD_RUNPATH_SEARCH_PATHS = (
					"$(inherited)",
					"@executable_path/Frameworks",
					"@loader_path/Frameworks",
				);
				PRODUCT_BUNDLE_IDENTIFIER = com.omartehsin.KeepSafeTests;
				PRODUCT_NAME = "$(TARGET_NAME)";
				SWIFT_VERSION = 4.2;
				TARGETED_DEVICE_FAMILY = "1,2";
				TEST_HOST = "$(BUILT_PRODUCTS_DIR)/KeepSafe.app/KeepSafe";
			};
			name = Debug;
		};
		07E30B432225BE7800904A45 /* Release */ = {
			isa = XCBuildConfiguration;
			baseConfigurationReference = D38CC7DA8F4977751B6343BD /* Pods-KeepSafeTests.release.xcconfig */;
			buildSettings = {
				ALWAYS_EMBED_SWIFT_STANDARD_LIBRARIES = YES;
				BUNDLE_LOADER = "$(TEST_HOST)";
				CODE_SIGN_STYLE = Automatic;
				DEVELOPMENT_TEAM = 3CHBMWBLU9;
				INFOPLIST_FILE = KeepSafeTests/Info.plist;
				LD_RUNPATH_SEARCH_PATHS = (
					"$(inherited)",
					"@executable_path/Frameworks",
					"@loader_path/Frameworks",
				);
				PRODUCT_BUNDLE_IDENTIFIER = com.omartehsin.KeepSafeTests;
				PRODUCT_NAME = "$(TARGET_NAME)";
				SWIFT_VERSION = 4.2;
				TARGETED_DEVICE_FAMILY = "1,2";
				TEST_HOST = "$(BUILT_PRODUCTS_DIR)/KeepSafe.app/KeepSafe";
			};
			name = Release;
		};
/* End XCBuildConfiguration section */

/* Begin XCConfigurationList section */
		07E30B192225BE7400904A45 /* Build configuration list for PBXProject "KeepSafe" */ = {
			isa = XCConfigurationList;
			buildConfigurations = (
				07E30B3C2225BE7800904A45 /* Debug */,
				07E30B3D2225BE7800904A45 /* Release */,
			);
			defaultConfigurationIsVisible = 0;
			defaultConfigurationName = Release;
		};
		07E30B3E2225BE7800904A45 /* Build configuration list for PBXNativeTarget "KeepSafe" */ = {
			isa = XCConfigurationList;
			buildConfigurations = (
				07E30B3F2225BE7800904A45 /* Debug */,
				07E30B402225BE7800904A45 /* Release */,
			);
			defaultConfigurationIsVisible = 0;
			defaultConfigurationName = Release;
		};
		07E30B412225BE7800904A45 /* Build configuration list for PBXNativeTarget "KeepSafeTests" */ = {
			isa = XCConfigurationList;
			buildConfigurations = (
				07E30B422225BE7800904A45 /* Debug */,
				07E30B432225BE7800904A45 /* Release */,
			);
			defaultConfigurationIsVisible = 0;
			defaultConfigurationName = Release;
		};
/* End XCConfigurationList section */

/* Begin XCVersionGroup section */
		07E30B282225BE7500904A45 /* KeepSafe.xcdatamodeld */ = {
			isa = XCVersionGroup;
			children = (
				07E30B292225BE7500904A45 /* KeepSafe.xcdatamodel */,
			);
			currentVersion = 07E30B292225BE7500904A45 /* KeepSafe.xcdatamodel */;
			path = KeepSafe.xcdatamodeld;
			sourceTree = "<group>";
			versionGroupType = wrapper.xcdatamodel;
		};
/* End XCVersionGroup section */
	};
	rootObject = 07E30B162225BE7400904A45 /* Project object */;
}
